
Microsoft Visual Studio Solution File, Format Version 10.00
# Visual Studio 2008
Project("{8BC9CEB8-8B4A-11D0-8D11-00A0C91BC942}") = "WaveShop", "WaveShop.vcproj", "{626F6937-00F0-4CFF-B36F-AD8B5F7002EF}"
EndProject
Global
	GlobalSection(SolutionConfigurationPlatforms) = preSolution
		Debug|Win32 = Debug|Win32
		Debug|x64 = Debug|x64
		Release|Win32 = Release|Win32
		Release|x64 = Release|x64
		ReleasePortable|Win32 = ReleasePortable|Win32
		ReleasePortable|x64 = ReleasePortable|x64
	EndGlobalSection
	GlobalSection(ProjectConfigurationPlatforms) = postSolution
		{626F6937-00F0-4CFF-B36F-AD8B5F7002EF}.Debug|Win32.ActiveCfg = Debug|Win32
		{626F6937-00F0-4CFF-B36F-AD8B5F7002EF}.Debug|Win32.Build.0 = Debug|Win32
		{626F6937-00F0-4CFF-B36F-AD8B5F7002EF}.Debug|x64.ActiveCfg = Debug|x64
		{626F6937-00F0-4CFF-B36F-AD8B5F7002EF}.Debug|x64.Build.0 = Debug|x64
		{626F6937-00F0-4CFF-B36F-AD8B5F7002EF}.Release|Win32.ActiveCfg = Release|Win32
		{626F6937-00F0-4CFF-B36F-AD8B5F7002EF}.Release|Win32.Build.0 = Release|Win32
		{626F6937-00F0-4CFF-B36F-AD8B5F7002EF}.Release|x64.ActiveCfg = Release|x64
		{626F6937-00F0-4CFF-B36F-AD8B5F7002EF}.Release|x64.Build.0 = Release|x64
		{626F6937-00F0-4CFF-B36F-AD8B5F7002EF}.ReleasePortable|Win32.ActiveCfg = ReleasePortable|Win32
		{626F6937-00F0-4CFF-B36F-AD8B5F7002EF}.ReleasePortable|Win32.Build.0 = ReleasePortable|Win32
		{626F6937-00F0-4CFF-B36F-AD8B5F7002EF}.ReleasePortable|x64.ActiveCfg = ReleasePortable|x64
		{626F6937-00F0-4CFF-B36F-AD8B5F7002EF}.ReleasePortable|x64.Build.0 = ReleasePortable|x64
	EndGlobalSection
	GlobalSection(SolutionProperties) = preSolution
		HideSolutionNode = FALSE
	EndGlobalSection
EndGlobal
